
Microsoft Visual Studio Solution File, Format Version 12.00
# Visual Studio 15
VisualStudioVersion = 15.0.28307.852
MinimumVisualStudioVersion = 10.0.40219.1
Project("{FAE04EC0-301F-11D3-BF4B-00C04F79EFBC}") = "BatteryManager", "BatteryManager.csproj", "{85FB71DD-848C-4EA6-8FD0-1EE1B06AEA85}"
EndProject
Global
	GlobalSection(SolutionConfigurationPlatforms) = preSolution
		Debug|Any CPU = Debug|Any CPU
		Release|Any CPU = Release|Any CPU
	EndGlobalSection
	GlobalSection(ProjectConfigurationPlatforms) = postSolution
		{85FB71DD-848C-4EA6-8FD0-1EE1B06AEA85}.Debug|Any CPU.ActiveCfg = Debug|Any CPU
		{85FB71DD-848C-4EA6-8FD0-1EE1B06AEA85}.Debug|Any CPU.Build.0 = Debug|Any CPU
		{85FB71DD-848C-4EA6-8FD0-1EE1B06AEA85}.Release|Any CPU.ActiveCfg = Release|Any CPU
		{85FB71DD-848C-4EA6-8FD0-1EE1B06AEA85}.Release|Any CPU.Build.0 = Release|Any CPU
	EndGlobalSection
	GlobalSection(SolutionProperties) = preSolution
		HideSolutionNode = FALSE
	EndGlobalSection
	GlobalSection(ExtensibilityGlobals) = postSolution
		SolutionGuid = {E9D268C5-5B87-4244-8B44-231A495A2F22}
	EndGlobalSection
EndGlobal
